// !$*UTF8*$!
{
	archiveVersion = 1;
	classes = {
	};
	objectVersion = 56;
	objects = {

/* Begin PBXBuildFile section */
		3442554C28EC74D60009861C /* MakingStoryView.storyboard in Resources */ = {isa = PBXBuildFile; fileRef = 3442554B28EC74D60009861C /* MakingStoryView.storyboard */; };
		3442554E28EC77670009861C /* SelectQuestionViewController.swift in Sources */ = {isa = PBXBuildFile; fileRef = 3442554D28EC77670009861C /* SelectQuestionViewController.swift */; };
		3442555028EC7CAC0009861C /* WriteDiaryViewController.swift in Sources */ = {isa = PBXBuildFile; fileRef = 3442554F28EC7CAC0009861C /* WriteDiaryViewController.swift */; };
		3442555228EC7F790009861C /* QuestionModel.swift in Sources */ = {isa = PBXBuildFile; fileRef = 3442555128EC7F790009861C /* QuestionModel.swift */; };
		FB94C95628DABB4100E9E3C1 /* AppDelegate.swift in Sources */ = {isa = PBXBuildFile; fileRef = FB94C95528DABB4100E9E3C1 /* AppDelegate.swift */; };
		FB94C95828DABB4100E9E3C1 /* SceneDelegate.swift in Sources */ = {isa = PBXBuildFile; fileRef = FB94C95728DABB4100E9E3C1 /* SceneDelegate.swift */; };
		FB94C95A28DABB4100E9E3C1 /* ViewController.swift in Sources */ = {isa = PBXBuildFile; fileRef = FB94C95928DABB4100E9E3C1 /* ViewController.swift */; };
		FB94C95D28DABB4100E9E3C1 /* Main.storyboard in Resources */ = {isa = PBXBuildFile; fileRef = FB94C95B28DABB4100E9E3C1 /* Main.storyboard */; };
		FB94C96028DABB4100E9E3C1 /* Simda.xcdatamodeld in Sources */ = {isa = PBXBuildFile; fileRef = FB94C95E28DABB4100E9E3C1 /* Simda.xcdatamodeld */; };
		FB94C96228DABB4200E9E3C1 /* Assets.xcassets in Resources */ = {isa = PBXBuildFile; fileRef = FB94C96128DABB4200E9E3C1 /* Assets.xcassets */; };
		FB94C96528DABB4200E9E3C1 /* LaunchScreen.storyboard in Resources */ = {isa = PBXBuildFile; fileRef = FB94C96328DABB4200E9E3C1 /* LaunchScreen.storyboard */; };
/* End PBXBuildFile section */

/* Begin PBXFileReference section */
		3442554B28EC74D60009861C /* MakingStoryView.storyboard */ = {isa = PBXFileReference; lastKnownFileType = file.storyboard; path = MakingStoryView.storyboard; sourceTree = "<group>"; };
		3442554D28EC77670009861C /* SelectQuestionViewController.swift */ = {isa = PBXFileReference; lastKnownFileType = sourcecode.swift; path = SelectQuestionViewController.swift; sourceTree = "<group>"; };
		3442554F28EC7CAC0009861C /* WriteDiaryViewController.swift */ = {isa = PBXFileReference; lastKnownFileType = sourcecode.swift; path = WriteDiaryViewController.swift; sourceTree = "<group>"; };
		3442555128EC7F790009861C /* QuestionModel.swift */ = {isa = PBXFileReference; lastKnownFileType = sourcecode.swift; path = QuestionModel.swift; sourceTree = "<group>"; };
		FB94C95228DABB4100E9E3C1 /* Simda.app */ = {isa = PBXFileReference; explicitFileType = wrapper.application; includeInIndex = 0; path = Simda.app; sourceTree = BUILT_PRODUCTS_DIR; };
		FB94C95528DABB4100E9E3C1 /* AppDelegate.swift */ = {isa = PBXFileReference; lastKnownFileType = sourcecode.swift; path = AppDelegate.swift; sourceTree = "<group>"; };
		FB94C95728DABB4100E9E3C1 /* SceneDelegate.swift */ = {isa = PBXFileReference; lastKnownFileType = sourcecode.swift; path = SceneDelegate.swift; sourceTree = "<group>"; };
		FB94C95928DABB4100E9E3C1 /* ViewController.swift */ = {isa = PBXFileReference; lastKnownFileType = sourcecode.swift; path = ViewController.swift; sourceTree = "<group>"; };
		FB94C95C28DABB4100E9E3C1 /* Base */ = {isa = PBXFileReference; lastKnownFileType = file.storyboard; name = Base; path = Base.lproj/Main.storyboard; sourceTree = "<group>"; };
		FB94C95F28DABB4100E9E3C1 /* Simda.xcdatamodel */ = {isa = PBXFileReference; lastKnownFileType = wrapper.xcdatamodel; path = Simda.xcdatamodel; sourceTree = "<group>"; };
		FB94C96128DABB4200E9E3C1 /* Assets.xcassets */ = {isa = PBXFileReference; lastKnownFileType = folder.assetcatalog; path = Assets.xcassets; sourceTree = "<group>"; };
		FB94C96428DABB4200E9E3C1 /* Base */ = {isa = PBXFileReference; lastKnownFileType = file.storyboard; name = Base; path = Base.lproj/LaunchScreen.storyboard; sourceTree = "<group>"; };
		FB94C96628DABB4200E9E3C1 /* Info.plist */ = {isa = PBXFileReference; lastKnownFileType = text.plist.xml; path = Info.plist; sourceTree = "<group>"; };
/* End PBXFileReference section */

/* Begin PBXFrameworksBuildPhase section */
		FB94C94F28DABB4100E9E3C1 /* Frameworks */ = {
			isa = PBXFrameworksBuildPhase;
			buildActionMask = 2147483647;
			files = (
			);
			runOnlyForDeploymentPostprocessing = 0;
		};
/* End PBXFrameworksBuildPhase section */

/* Begin PBXGroup section */
		3442554528EC704D0009861C /* ViewControllers */ = {
			isa = PBXGroup;
			children = (
				FB94C95928DABB4100E9E3C1 /* ViewController.swift */,
				3442554D28EC77670009861C /* SelectQuestionViewController.swift */,
				3442554F28EC7CAC0009861C /* WriteDiaryViewController.swift */,
			);
			path = ViewControllers;
			sourceTree = "<group>";
		};
		3442554628EC705B0009861C /* Models */ = {
			isa = PBXGroup;
			children = (
				3442555128EC7F790009861C /* QuestionModel.swift */,
			);
			path = Models;
			sourceTree = "<group>";
		};
		3442554728EC706D0009861C /* Resources */ = {
			isa = PBXGroup;
			children = (
				FB94C96128DABB4200E9E3C1 /* Assets.xcassets */,
			);
			path = Resources;
			sourceTree = "<group>";
		};
		3442554828EC70E50009861C /* Extensions */ = {
			isa = PBXGroup;
			children = (
			);
			path = Extensions;
			sourceTree = "<group>";
		};
		34BCCF7428EC7022003B7043 /* Views */ = {
			isa = PBXGroup;
			children = (
				FB94C95B28DABB4100E9E3C1 /* Main.storyboard */,
				FB94C96328DABB4200E9E3C1 /* LaunchScreen.storyboard */,
				3442554B28EC74D60009861C /* MakingStoryView.storyboard */,
			);
			path = Views;
			sourceTree = "<group>";
		};
		FB94C94928DABB4100E9E3C1 = {
			isa = PBXGroup;
			children = (
				FB94C95428DABB4100E9E3C1 /* Simda */,
				FB94C95328DABB4100E9E3C1 /* Products */,
			);
			sourceTree = "<group>";
		};
		FB94C95328DABB4100E9E3C1 /* Products */ = {
			isa = PBXGroup;
			children = (
				FB94C95228DABB4100E9E3C1 /* Simda.app */,
			);
			name = Products;
			sourceTree = "<group>";
		};
		FB94C95428DABB4100E9E3C1 /* Simda */ = {
			isa = PBXGroup;
			children = (
				FB94C95528DABB4100E9E3C1 /* AppDelegate.swift */,
				FB94C95728DABB4100E9E3C1 /* SceneDelegate.swift */,
				3442554728EC706D0009861C /* Resources */,
				3442554628EC705B0009861C /* Models */,
				3442554828EC70E50009861C /* Extensions */,
				3442554528EC704D0009861C /* ViewControllers */,
				34BCCF7428EC7022003B7043 /* Views */,
				FB94C96628DABB4200E9E3C1 /* Info.plist */,
				FB94C95E28DABB4100E9E3C1 /* Simda.xcdatamodeld */,
			);
			path = Simda;
			sourceTree = "<group>";
		};
/* End PBXGroup section */

/* Begin PBXNativeTarget section */
		FB94C95128DABB4100E9E3C1 /* Simda */ = {
			isa = PBXNativeTarget;
			buildConfigurationList = FB94C96928DABB4200E9E3C1 /* Build configuration list for PBXNativeTarget "Simda" */;
			buildPhases = (
				FB94C94E28DABB4100E9E3C1 /* Sources */,
				FB94C94F28DABB4100E9E3C1 /* Frameworks */,
				FB94C95028DABB4100E9E3C1 /* Resources */,
			);
			buildRules = (
			);
			dependencies = (
			);
			name = Simda;
			productName = Simda;
			productReference = FB94C95228DABB4100E9E3C1 /* Simda.app */;
			productType = "com.apple.product-type.application";
		};
/* End PBXNativeTarget section */

/* Begin PBXProject section */
		FB94C94A28DABB4100E9E3C1 /* Project object */ = {
			isa = PBXProject;
			attributes = {
				BuildIndependentTargetsInParallel = 1;
				LastSwiftUpdateCheck = 1400;
				LastUpgradeCheck = 1400;
				TargetAttributes = {
					FB94C95128DABB4100E9E3C1 = {
						CreatedOnToolsVersion = 14.0;
					};
				};
			};
			buildConfigurationList = FB94C94D28DABB4100E9E3C1 /* Build configuration list for PBXProject "Simda" */;
			compatibilityVersion = "Xcode 14.0";
			developmentRegion = en;
			hasScannedForEncodings = 0;
			knownRegions = (
				en,
				Base,
			);
			mainGroup = FB94C94928DABB4100E9E3C1;
			productRefGroup = FB94C95328DABB4100E9E3C1 /* Products */;
			projectDirPath = "";
			projectRoot = "";
			targets = (
				FB94C95128DABB4100E9E3C1 /* Simda */,
			);
		};
/* End PBXProject section */

/* Begin PBXResourcesBuildPhase section */
		FB94C95028DABB4100E9E3C1 /* Resources */ = {
			isa = PBXResourcesBuildPhase;
			buildActionMask = 2147483647;
			files = (
				3442554C28EC74D60009861C /* MakingStoryView.storyboard in Resources */,
				FB94C96528DABB4200E9E3C1 /* LaunchScreen.storyboard in Resources */,
				FB94C96228DABB4200E9E3C1 /* Assets.xcassets in Resources */,
				FB94C95D28DABB4100E9E3C1 /* Main.storyboard in Resources */,
			);
			runOnlyForDeploymentPostprocessing = 0;
		};
/* End PBXResourcesBuildPhase section */

/* Begin PBXSourcesBuildPhase section */
		FB94C94E28DABB4100E9E3C1 /* Sources */ = {
			isa = PBXSourcesBuildPhase;
			buildActionMask = 2147483647;
			files = (
				3442555228EC7F790009861C /* QuestionModel.swift in Sources */,
				3442555028EC7CAC0009861C /* WriteDiaryViewController.swift in Sources */,
				FB94C96028DABB4100E9E3C1 /* Simda.xcdatamodeld in Sources */,
				FB94C95A28DABB4100E9E3C1 /* ViewController.swift in Sources */,
				3442554E28EC77670009861C /* SelectQuestionViewController.swift in Sources */,
				FB94C95628DABB4100E9E3C1 /* AppDelegate.swift in Sources */,
				FB94C95828DABB4100E9E3C1 /* SceneDelegate.swift in Sources */,
			);
			runOnlyForDeploymentPostprocessing = 0;
		};
/* End PBXSourcesBuildPhase section */

/* Begin PBXVariantGroup section */
		FB94C95B28DABB4100E9E3C1 /* Main.storyboard */ = {
			isa = PBXVariantGroup;
			children = (
				FB94C95C28DABB4100E9E3C1 /* Base */,
			);
			name = Main.storyboard;
			sourceTree = "<group>";
		};
		FB94C96328DABB4200E9E3C1 /* LaunchScreen.storyboard */ = {
			isa = PBXVariantGroup;
			children = (
				FB94C96428DABB4200E9E3C1 /* Base */,
			);
			name = LaunchScreen.storyboard;
			sourceTree = "<group>";
		};
/* End PBXVariantGroup section */

/* Begin XCBuildConfiguration section */
		FB94C96728DABB4200E9E3C1 /* Debug */ = {
			isa = XCBuildConfiguration;
			buildSettings = {
				ALWAYS_SEARCH_USER_PATHS = NO;
				CLANG_ANALYZER_NONNULL = YES;
				CLANG_ANALYZER_NUMBER_OBJECT_CONVERSION = YES_AGGRESSIVE;
				CLANG_CXX_LANGUAGE_STANDARD = "gnu++20";
				CLANG_ENABLE_MODULES = YES;
				CLANG_ENABLE_OBJC_ARC = YES;
				CLANG_ENABLE_OBJC_WEAK = YES;
				CLANG_WARN_BLOCK_CAPTURE_AUTORELEASING = YES;
				CLANG_WARN_BOOL_CONVERSION = YES;
				CLANG_WARN_COMMA = YES;
				CLANG_WARN_CONSTANT_CONVERSION = YES;
				CLANG_WARN_DEPRECATED_OBJC_IMPLEMENTATIONS = YES;
				CLANG_WARN_DIRECT_OBJC_ISA_USAGE = YES_ERROR;
				CLANG_WARN_DOCUMENTATION_COMMENTS = YES;
				CLANG_WARN_EMPTY_BODY = YES;
				CLANG_WARN_ENUM_CONVERSION = YES;
				CLANG_WARN_INFINITE_RECURSION = YES;
				CLANG_WARN_INT_CONVERSION = YES;
				CLANG_WARN_NON_LITERAL_NULL_CONVERSION = YES;
				CLANG_WARN_OBJC_IMPLICIT_RETAIN_SELF = YES;
				CLANG_WARN_OBJC_LITERAL_CONVERSION = YES;
				CLANG_WARN_OBJC_ROOT_CLASS = YES_ERROR;
				CLANG_WARN_QUOTED_INCLUDE_IN_FRAMEWORK_HEADER = YES;
				CLANG_WARN_RANGE_LOOP_ANALYSIS = YES;
				CLANG_WARN_STRICT_PROTOTYPES = YES;
				CLANG_WARN_SUSPICIOUS_MOVE = YES;
				CLANG_WARN_UNGUARDED_AVAILABILITY = YES_AGGRESSIVE;
				CLANG_WARN_UNREACHABLE_CODE = YES;
				CLANG_WARN__DUPLICATE_METHOD_MATCH = YES;
				COPY_PHASE_STRIP = NO;
				DEBUG_INFORMATION_FORMAT = dwarf;
				ENABLE_STRICT_OBJC_MSGSEND = YES;
				ENABLE_TESTABILITY = YES;
				GCC_C_LANGUAGE_STANDARD = gnu11;
				GCC_DYNAMIC_NO_PIC = NO;
				GCC_NO_COMMON_BLOCKS = YES;
				GCC_OPTIMIZATION_LEVEL = 0;
				GCC_PREPROCESSOR_DEFINITIONS = (
					"DEBUG=1",
					"$(inherited)",
				);
				GCC_WARN_64_TO_32_BIT_CONVERSION = YES;
				GCC_WARN_ABOUT_RETURN_TYPE = YES_ERROR;
				GCC_WARN_UNDECLARED_SELECTOR = YES;
				GCC_WARN_UNINITIALIZED_AUTOS = YES_AGGRESSIVE;
				GCC_WARN_UNUSED_FUNCTION = YES;
				GCC_WARN_UNUSED_VARIABLE = YES;
				IPHONEOS_DEPLOYMENT_TARGET = 16.0;
				MTL_ENABLE_DEBUG_INFO = INCLUDE_SOURCE;
				MTL_FAST_MATH = YES;
				ONLY_ACTIVE_ARCH = YES;
				SDKROOT = iphoneos;
				SWIFT_ACTIVE_COMPILATION_CONDITIONS = DEBUG;
				SWIFT_OPTIMIZATION_LEVEL = "-Onone";
			};
			name = Debug;
		};
		FB94C96828DABB4200E9E3C1 /* Release */ = {
			isa = XCBuildConfiguration;
			buildSettings = {
				ALWAYS_SEARCH_USER_PATHS = NO;
				CLANG_ANALYZER_NONNULL = YES;
				CLANG_ANALYZER_NUMBER_OBJECT_CONVERSION = YES_AGGRESSIVE;
				CLANG_CXX_LANGUAGE_STANDARD = "gnu++20";
				CLANG_ENABLE_MODULES = YES;
				CLANG_ENABLE_OBJC_ARC = YES;
				CLANG_ENABLE_OBJC_WEAK = YES;
				CLANG_WARN_BLOCK_CAPTURE_AUTORELEASING = YES;
				CLANG_WARN_BOOL_CONVERSION = YES;
				CLANG_WARN_COMMA = YES;
				CLANG_WARN_CONSTANT_CONVERSION = YES;
				CLANG_WARN_DEPRECATED_OBJC_IMPLEMENTATIONS = YES;
				CLANG_WARN_DIRECT_OBJC_ISA_USAGE = YES_ERROR;
				CLANG_WARN_DOCUMENTATION_COMMENTS = YES;
				CLANG_WARN_EMPTY_BODY = YES;
				CLANG_WARN_ENUM_CONVERSION = YES;
				CLANG_WARN_INFINITE_RECURSION = YES;
				CLANG_WARN_INT_CONVERSION = YES;
				CLANG_WARN_NON_LITERAL_NULL_CONVERSION = YES;
				CLANG_WARN_OBJC_IMPLICIT_RETAIN_SELF = YES;
				CLANG_WARN_OBJC_LITERAL_CONVERSION = YES;
				CLANG_WARN_OBJC_ROOT_CLASS = YES_ERROR;
				CLANG_WARN_QUOTED_INCLUDE_IN_FRAMEWORK_HEADER = YES;
				CLANG_WARN_RANGE_LOOP_ANALYSIS = YES;
				CLANG_WARN_STRICT_PROTOTYPES = YES;
				CLANG_WARN_SUSPICIOUS_MOVE = YES;
				CLANG_WARN_UNGUARDED_AVAILABILITY = YES_AGGRESSIVE;
				CLANG_WARN_UNREACHABLE_CODE = YES;
				CLANG_WARN__DUPLICATE_METHOD_MATCH = YES;
				COPY_PHASE_STRIP = NO;
				DEBUG_INFORMATION_FORMAT = "dwarf-with-dsym";
				ENABLE_NS_ASSERTIONS = NO;
				ENABLE_STRICT_OBJC_MSGSEND = YES;
				GCC_C_LANGUAGE_STANDARD = gnu11;
				GCC_NO_COMMON_BLOCKS = YES;
				GCC_WARN_64_TO_32_BIT_CONVERSION = YES;
				GCC_WARN_ABOUT_RETURN_TYPE = YES_ERROR;
				GCC_WARN_UNDECLARED_SELECTOR = YES;
				GCC_WARN_UNINITIALIZED_AUTOS = YES_AGGRESSIVE;
				GCC_WARN_UNUSED_FUNCTION = YES;
				GCC_WARN_UNUSED_VARIABLE = YES;
				IPHONEOS_DEPLOYMENT_TARGET = 16.0;
				MTL_ENABLE_DEBUG_INFO = NO;
				MTL_FAST_MATH = YES;
				SDKROOT = iphoneos;
				SWIFT_COMPILATION_MODE = wholemodule;
				SWIFT_OPTIMIZATION_LEVEL = "-O";
				VALIDATE_PRODUCT = YES;
			};
			name = Release;
		};
		FB94C96A28DABB4200E9E3C1 /* Debug */ = {
			isa = XCBuildConfiguration;
			buildSettings = {
				ASSETCATALOG_COMPILER_APPICON_NAME = AppIcon;
				ASSETCATALOG_COMPILER_GLOBAL_ACCENT_COLOR_NAME = AccentColor;
				CODE_SIGN_STYLE = Automatic;
				CURRENT_PROJECT_VERSION = 1;
				GENERATE_INFOPLIST_FILE = YES;
				INFOPLIST_FILE = Simda/Info.plist;
				INFOPLIST_KEY_UIApplicationSupportsIndirectInputEvents = YES;
				INFOPLIST_KEY_UILaunchStoryboardName = LaunchScreen;
				INFOPLIST_KEY_UIMainStoryboardFile = Main;
				INFOPLIST_KEY_UISupportedInterfaceOrientations_iPad = "UIInterfaceOrientationPortrait UIInterfaceOrientationPortraitUpsideDown UIInterfaceOrientationLandscapeLeft UIInterfaceOrientationLandscapeRight";
				INFOPLIST_KEY_UISupportedInterfaceOrientations_iPhone = "UIInterfaceOrientationPortrait UIInterfaceOrientationLandscapeLeft UIInterfaceOrientationLandscapeRight";
				LD_RUNPATH_SEARCH_PATHS = (
					"$(inherited)",
					"@executable_path/Frameworks",
				);
				MARKETING_VERSION = 1.0;
				PRODUCT_BUNDLE_IDENTIFIER = com.Simda.Simda;
				PRODUCT_NAME = "$(TARGET_NAME)";
				SWIFT_EMIT_LOC_STRINGS = YES;
				SWIFT_VERSION = 5.0;
				TARGETED_DEVICE_FAMILY = "1,2";
			};
			name = Debug;
		};
		FB94C96B28DABB4200E9E3C1 /* Release */ = {
			isa = XCBuildConfiguration;
			buildSettings = {
				ASSETCATALOG_COMPILER_APPICON_NAME = AppIcon;
				ASSETCATALOG_COMPILER_GLOBAL_ACCENT_COLOR_NAME = AccentColor;
				CODE_SIGN_STYLE = Automatic;
				CURRENT_PROJECT_VERSION = 1;
				GENERATE_INFOPLIST_FILE = YES;
				INFOPLIST_FILE = Simda/Info.plist;
				INFOPLIST_KEY_UIApplicationSupportsIndirectInputEvents = YES;
				INFOPLIST_KEY_UILaunchStoryboardName = LaunchScreen;
				INFOPLIST_KEY_UIMainStoryboardFile = Main;
				INFOPLIST_KEY_UISupportedInterfaceOrientations_iPad = "UIInterfaceOrientationPortrait UIInterfaceOrientationPortraitUpsideDown UIInterfaceOrientationLandscapeLeft UIInterfaceOrientationLandscapeRight";
				INFOPLIST_KEY_UISupportedInterfaceOrientations_iPhone = "UIInterfaceOrientationPortrait UIInterfaceOrientationLandscapeLeft UIInterfaceOrientationLandscapeRight";
				LD_RUNPATH_SEARCH_PATHS = (
					"$(inherited)",
					"@executable_path/Frameworks",
				);
				MARKETING_VERSION = 1.0;
				PRODUCT_BUNDLE_IDENTIFIER = com.Simda.Simda;
				PRODUCT_NAME = "$(TARGET_NAME)";
				SWIFT_EMIT_LOC_STRINGS = YES;
				SWIFT_VERSION = 5.0;
				TARGETED_DEVICE_FAMILY = "1,2";
			};
			name = Release;
		};
/* End XCBuildConfiguration section */

/* Begin XCConfigurationList section */
		FB94C94D28DABB4100E9E3C1 /* Build configuration list for PBXProject "Simda" */ = {
			isa = XCConfigurationList;
			buildConfigurations = (
				FB94C96728DABB4200E9E3C1 /* Debug */,
				FB94C96828DABB4200E9E3C1 /* Release */,
			);
			defaultConfigurationIsVisible = 0;
			defaultConfigurationName = Release;
		};
		FB94C96928DABB4200E9E3C1 /* Build configuration list for PBXNativeTarget "Simda" */ = {
			isa = XCConfigurationList;
			buildConfigurations = (
				FB94C96A28DABB4200E9E3C1 /* Debug */,
				FB94C96B28DABB4200E9E3C1 /* Release */,
			);
			defaultConfigurationIsVisible = 0;
			defaultConfigurationName = Release;
		};
/* End XCConfigurationList section */

/* Begin XCVersionGroup section */
		FB94C95E28DABB4100E9E3C1 /* Simda.xcdatamodeld */ = {
			isa = XCVersionGroup;
			children = (
				FB94C95F28DABB4100E9E3C1 /* Simda.xcdatamodel */,
			);
			currentVersion = FB94C95F28DABB4100E9E3C1 /* Simda.xcdatamodel */;
			path = Simda.xcdatamodeld;
			sourceTree = "<group>";
			versionGroupType = wrapper.xcdatamodel;
		};
/* End XCVersionGroup section */
	};
	rootObject = FB94C94A28DABB4100E9E3C1 /* Project object */;
}
